
Microsoft Visual Studio Solution File, Format Version 12.00
# Visual Studio Version 16
VisualStudioVersion = 16.0.29324.140
MinimumVisualStudioVersion = 10.0.40219.1
Project("{FAE04EC0-301F-11D3-BF4B-00C04F79EFBC}") = "Section1CodeChallengesApp", "Section1CodeChallengesApp\Section1CodeChallengesApp.csproj", "{943BD832-3CFE-422B-9934-FFFB023C5FD2}"
EndProject
Project("{FAE04EC0-301F-11D3-BF4B-00C04F79EFBC}") = "Hangman.Core", "Hangman.Core\Hangman.Core.csproj", "{D1AE7F5F-E61B-432C-8E39-E4B0E716CA3E}"
EndProject
Global
	GlobalSection(SolutionConfigurationPlatforms) = preSolution
		Debug|Any CPU = Debug|Any CPU
		Release|Any CPU = Release|Any CPU
	EndGlobalSection
	GlobalSection(ProjectConfigurationPlatforms) = postSolution
		{943BD832-3CFE-422B-9934-FFFB023C5FD2}.Debug|Any CPU.ActiveCfg = Debug|Any CPU
		{943BD832-3CFE-422B-9934-FFFB023C5FD2}.Debug|Any CPU.Build.0 = Debug|Any CPU
		{943BD832-3CFE-422B-9934-FFFB023C5FD2}.Release|Any CPU.ActiveCfg = Release|Any CPU
		{943BD832-3CFE-422B-9934-FFFB023C5FD2}.Release|Any CPU.Build.0 = Release|Any CPU
		{D1AE7F5F-E61B-432C-8E39-E4B0E716CA3E}.Debug|Any CPU.ActiveCfg = Debug|Any CPU
		{D1AE7F5F-E61B-432C-8E39-E4B0E716CA3E}.Debug|Any CPU.Build.0 = Debug|Any CPU
		{D1AE7F5F-E61B-432C-8E39-E4B0E716CA3E}.Release|Any CPU.ActiveCfg = Release|Any CPU
		{D1AE7F5F-E61B-432C-8E39-E4B0E716CA3E}.Release|Any CPU.Build.0 = Release|Any CPU
	EndGlobalSection
	GlobalSection(SolutionProperties) = preSolution
		HideSolutionNode = FALSE
	EndGlobalSection
	GlobalSection(ExtensibilityGlobals) = postSolution
		SolutionGuid = {A1324575-C841-4378-BDB7-5F5DE87641C4}
	EndGlobalSection
EndGlobal
